
Microsoft Visual Studio Solution File, Format Version 12.00
# Visual Studio Version 16
VisualStudioVersion = 16.0.31624.102
MinimumVisualStudioVersion = 10.0.40219.1
Project("{FAE04EC0-301F-11D3-BF4B-00C04F79EFBC}") = "DIO.series", "DIO.series.csproj", "{A3B07C20-0DBC-44A8-99B2-DAAC3DE1CAA0}"
EndProject
Global
	GlobalSection(SolutionConfigurationPlatforms) = preSolution
		Debug|Any CPU = Debug|Any CPU
		Release|Any CPU = Release|Any CPU
	EndGlobalSection
	GlobalSection(ProjectConfigurationPlatforms) = postSolution
		{A3B07C20-0DBC-44A8-99B2-DAAC3DE1CAA0}.Debug|Any CPU.ActiveCfg = Debug|Any CPU
		{A3B07C20-0DBC-44A8-99B2-DAAC3DE1CAA0}.Debug|Any CPU.Build.0 = Debug|Any CPU
		{A3B07C20-0DBC-44A8-99B2-DAAC3DE1CAA0}.Release|Any CPU.ActiveCfg = Release|Any CPU
		{A3B07C20-0DBC-44A8-99B2-DAAC3DE1CAA0}.Release|Any CPU.Build.0 = Release|Any CPU
	EndGlobalSection
	GlobalSection(SolutionProperties) = preSolution
		HideSolutionNode = FALSE
	EndGlobalSection
	GlobalSection(ExtensibilityGlobals) = postSolution
		SolutionGuid = {957EA217-219A-475B-882F-41201255BCFC}
	EndGlobalSection
EndGlobal
